{
  "nodes": {
    "StevenBlackHosts": {
      "inputs": {
        "nixpkgs": [
          "nixpkgs"
        ]
      },
      "locked": {
        "lastModified": 1709174876,
        "narHash": "sha256-aEjfaOnfPxQ0Dd954SWHOA9JyYDJ2m/25FpMHjO9X+w=",
        "owner": "StevenBlack",
        "repo": "hosts",
        "rev": "b77a285f5f11ee53023d53cf2bf10cd58fe62567",
        "type": "github"
      },
      "original": {
        "owner": "StevenBlack",
        "repo": "hosts",
        "type": "github"
      }
    },
    "cargo2nix": {
      "inputs": {
        "flake-compat": "flake-compat",
        "flake-utils": "flake-utils",
        "nixpkgs": [
          "encryptf",
          "nixpkgs"
        ],
        "rust-overlay": [
          "encryptf",
          "rust-overlay"
        ]
      },
      "locked": {
        "lastModified": 1682891040,
        "narHash": "sha256-hjajsi7lq24uYitUh4o04UJi1g0Qe6ruPL0s5DgPQMY=",
        "owner": "cargo2nix",
        "repo": "cargo2nix",
        "rev": "0167b39f198d72acdf009265634504fd6f5ace15",
        "type": "github"
      },
      "original": {
        "owner": "cargo2nix",
        "repo": "cargo2nix",
        "type": "github"
      }
    },
    "crane": {
      "inputs": {
        "nixpkgs": [
          "helix",
          "nixpkgs"
        ]
      },
      "locked": {
        "lastModified": 1701025348,
        "narHash": "sha256-42GHmYH+GF7VjwGSt+fVT1CQuNpGanJbNgVHTAZppUM=",
        "owner": "ipetkov",
        "repo": "crane",
        "rev": "42afaeb1a0325194a7cdb526332d2cb92fddd07b",
        "type": "github"
      },
      "original": {
        "owner": "ipetkov",
        "repo": "crane",
        "type": "github"
      }
    },
    "encryptf": {
      "inputs": {
        "cargo2nix": "cargo2nix",
        "flake-utils": [
          "encryptf",
          "cargo2nix",
          "flake-utils"
        ],
        "nixpkgs": [
          "nixpkgs"
        ],
        "rust-overlay": "rust-overlay"
      },
      "locked": {
        "lastModified": 1688499048,
        "narHash": "sha256-M90ilDZmC0EcF+L3iiOgV0THRFkEID9cSPyir7Gec2I=",
        "owner": "litchipi",
        "repo": "encrypt",
        "rev": "b9bd504afaea524220e32eae1b78a2b6831eb2fc",
        "type": "github"
      },
      "original": {
        "owner": "litchipi",
        "repo": "encrypt",
        "type": "github"
      }
    },
    "flake-compat": {
      "flake": false,
      "locked": {
        "lastModified": 1650374568,
        "narHash": "sha256-Z+s0J8/r907g149rllvwhb4pKi8Wam5ij0st8PwAh+E=",
        "owner": "edolstra",
        "repo": "flake-compat",
        "rev": "b4a34015c698c7793d592d66adbab377907a2be8",
        "type": "github"
      },
      "original": {
        "owner": "edolstra",
        "repo": "flake-compat",
        "type": "github"
      }
    },
    "flake-utils": {
      "locked": {
        "lastModified": 1653893745,
        "narHash": "sha256-0jntwV3Z8//YwuOjzhV2sgJJPt+HY6KhU7VZUL0fKZQ=",
        "owner": "numtide",
        "repo": "flake-utils",
        "rev": "1ed9fb1935d260de5fe1c2f7ee0ebaae17ed2fa1",
        "type": "github"
      },
      "original": {
        "owner": "numtide",
        "repo": "flake-utils",
        "type": "github"
      }
    },
    "flake-utils_2": {
      "inputs": {
        "systems": "systems"
      },
      "locked": {
        "lastModified": 1681202837,
        "narHash": "sha256-H+Rh19JDwRtpVPAWp64F+rlEtxUWBAQW28eAi3SRSzg=",
        "owner": "numtide",
        "repo": "flake-utils",
        "rev": "cfacdce06f30d2b68473a46042957675eebb3401",
        "type": "github"
      },
      "original": {
        "owner": "numtide",
        "repo": "flake-utils",
        "type": "github"
      }
    },
    "flake-utils_3": {
      "inputs": {
        "systems": "systems_2"
      },
      "locked": {
        "lastModified": 1709126324,
        "narHash": "sha256-q6EQdSeUZOG26WelxqkmR7kArjgWCdw5sfJVHPH/7j8=",
        "owner": "numtide",
        "repo": "flake-utils",
        "rev": "d465f4819400de7c8d874d50b982301f28a84605",
        "type": "github"
      },
      "original": {
        "owner": "numtide",
        "repo": "flake-utils",
        "type": "github"
      }
    },
    "flake-utils_4": {
      "inputs": {
        "systems": "systems_3"
      },
      "locked": {
        "lastModified": 1694529238,
        "narHash": "sha256-zsNZZGTGnMOf9YpHKJqMSsa0dXbfmxeoJ7xHlrt+xmY=",
        "owner": "numtide",
        "repo": "flake-utils",
        "rev": "ff7b65b44d01cf9ba6a71320833626af21126384",
        "type": "github"
      },
      "original": {
        "owner": "numtide",
        "repo": "flake-utils",
        "type": "github"
      }
    },
    "flake-utils_5": {
      "locked": {
        "lastModified": 1676283394,
        "narHash": "sha256-XX2f9c3iySLCw54rJ/CZs+ZK6IQy7GXNY4nSOyu2QG4=",
        "owner": "numtide",
        "repo": "flake-utils",
        "rev": "3db36a8b464d0c4532ba1c7dda728f4576d6d073",
        "type": "github"
      },
      "original": {
        "owner": "numtide",
        "repo": "flake-utils",
        "type": "github"
      }
    },
    "flake-utils_6": {
      "inputs": {
        "systems": "systems_4"
      },
      "locked": {
        "lastModified": 1701680307,
        "narHash": "sha256-kAuep2h5ajznlPMD9rnQyffWG8EM/C73lejGofXvdM8=",
        "owner": "numtide",
        "repo": "flake-utils",
        "rev": "4022d587cbbfd70fe950c1e2083a02621806a725",
        "type": "github"
      },
      "original": {
        "owner": "numtide",
        "repo": "flake-utils",
        "type": "github"
      }
    },
    "flake-utils_7": {
      "inputs": {
        "systems": "systems_5"
      },
      "locked": {
        "lastModified": 1705309234,
        "narHash": "sha256-uNRRNRKmJyCRC/8y1RqBkqWBLM034y4qN7EprSdmgyA=",
        "owner": "numtide",
        "repo": "flake-utils",
        "rev": "1ef2e671c3b0c19053962c07dbda38332dcebf26",
        "type": "github"
      },
      "original": {
        "owner": "numtide",
        "repo": "flake-utils",
        "type": "github"
      }
    },
    "flake-utils_8": {
      "inputs": {
        "systems": "systems_6"
      },
      "locked": {
        "lastModified": 1689068808,
        "narHash": "sha256-6ixXo3wt24N/melDWjq70UuHQLxGV8jZvooRanIHXw0=",
        "owner": "numtide",
        "repo": "flake-utils",
        "rev": "919d646de7be200f3bf08cb76ae1f09402b6f9b4",
        "type": "github"
      },
      "original": {
        "owner": "numtide",
        "repo": "flake-utils",
        "type": "github"
      }
    },
    "flake-utils_9": {
      "inputs": {
        "systems": "systems_7"
      },
      "locked": {
        "lastModified": 1681202837,
        "narHash": "sha256-H+Rh19JDwRtpVPAWp64F+rlEtxUWBAQW28eAi3SRSzg=",
        "owner": "numtide",
        "repo": "flake-utils",
        "rev": "cfacdce06f30d2b68473a46042957675eebb3401",
        "type": "github"
      },
      "original": {
        "owner": "numtide",
        "repo": "flake-utils",
        "type": "github"
      }
    },
    "helix": {
      "inputs": {
        "crane": "crane",
        "flake-utils": "flake-utils_4",
        "nixpkgs": "nixpkgs",
        "rust-overlay": "rust-overlay_2"
      },
      "locked": {
        "lastModified": 1709258251,
        "narHash": "sha256-yCNKsbZvreaCoeORuQJfY/QN5Q8F+lJPqttoor9UTlA=",
        "owner": "helix-editor",
        "repo": "helix",
        "rev": "44db25939c9361272660854878eb2fc18fcf08e8",
        "type": "github"
      },
      "original": {
        "owner": "helix-editor",
        "ref": "master",
        "repo": "helix",
        "type": "github"
      }
    },
    "home-manager": {
      "inputs": {
        "nixpkgs": [
          "nixpkgs"
        ]
      },
      "locked": {
        "lastModified": 1706981411,
        "narHash": "sha256-cLbLPTL1CDmETVh4p0nQtvoF+FSEjsnJTFpTxhXywhQ=",
        "owner": "nix-community",
        "repo": "home-manager",
        "rev": "652fda4ca6dafeb090943422c34ae9145787af37",
        "type": "github"
      },
      "original": {
        "owner": "nix-community",
        "ref": "release-23.11",
        "repo": "home-manager",
        "type": "github"
      }
    },
    "json-repl": {
      "inputs": {
        "flake-utils": "flake-utils_5",
        "nixpkgs": [
          "nixpkgs"
        ]
      },
      "locked": {
        "lastModified": 1678777318,
        "narHash": "sha256-dGdbCxWSUvPRfBy5aThh37T5tfC2ZCDmKL0vwFvEDy0=",
        "owner": "litchipi",
        "repo": "json_repl",
        "rev": "6d7606d3e1fa04450de7b88b0fb9900621a80837",
        "type": "github"
      },
      "original": {
        "owner": "litchipi",
        "repo": "json_repl",
        "type": "github"
      }
    },
    "nixlib": {
      "locked": {
        "lastModified": 1708821942,
        "narHash": "sha256-jd+E1SD59qty65pwqad2mftzkT6vW5nNFWVuvayh4Zw=",
        "owner": "nix-community",
        "repo": "nixpkgs.lib",
        "rev": "479831ed8b3c9c7b80533999f880c7d0bf6a491b",
        "type": "github"
      },
      "original": {
        "owner": "nix-community",
        "repo": "nixpkgs.lib",
        "type": "github"
      }
    },
    "nixos-hardware": {
      "locked": {
        "lastModified": 1709147990,
        "narHash": "sha256-vpXMWoaCtMYJ7lisJedCRhQG9BSsInEyZnnG5GfY9tQ=",
        "owner": "NixOS",
        "repo": "nixos-hardware",
        "rev": "33a97b5814d36ddd65ad678ad07ce43b1a67f159",
        "type": "github"
      },
      "original": {
        "owner": "NixOS",
        "ref": "master",
        "repo": "nixos-hardware",
        "type": "github"
      }
    },
    "nixos-secrets": {
      "inputs": {
        "flake-utils": "flake-utils_6",
        "nixpkgs": [
          "nixpkgs"
        ]
      },
      "locked": {
        "lastModified": 1708676398,
        "narHash": "sha256-EF3d39amgpsUDo2aCvN7S9DUAQnGAFRXQs+EctnfcvE=",
        "owner": "litchipi",
        "repo": "nixos-secrets",
        "rev": "319a3722ce2137cc3c5bdc87d9862dba1ad3fba6",
        "type": "github"
      },
      "original": {
        "owner": "litchipi",
        "repo": "nixos-secrets",
        "type": "github"
      }
    },
    "nixosgen": {
      "inputs": {
        "nixlib": "nixlib",
        "nixpkgs": [
          "nixpkgs"
        ]
      },
      "locked": {
        "lastModified": 1709226763,
        "narHash": "sha256-GlJ7g2srrtx6s5P2uswZ6Zcpy2u90tomIx+Gstlk97s=",
        "owner": "nix-community",
        "repo": "nixos-generators",
        "rev": "2c9562e7624fa1b50983fc18d504bf86202bef49",
        "type": "github"
      },
      "original": {
        "owner": "nix-community",
        "repo": "nixos-generators",
        "type": "github"
      }
    },
    "nixpkgs": {
      "locked": {
        "lastModified": 1700794826,
        "narHash": "sha256-RyJTnTNKhO0yqRpDISk03I/4A67/dp96YRxc86YOPgU=",
        "owner": "nixos",
        "repo": "nixpkgs",
        "rev": "5a09cb4b393d58f9ed0d9ca1555016a8543c2ac8",
        "type": "github"
      },
      "original": {
        "owner": "nixos",
        "ref": "nixos-unstable",
        "repo": "nixpkgs",
        "type": "github"
      }
    },
    "nixpkgs-old": {
      "locked": {
        "lastModified": 1685573264,
        "narHash": "sha256-Zffu01pONhs/pqH07cjlF10NnMDLok8ix5Uk4rhOnZQ=",
        "owner": "nixos",
        "repo": "nixpkgs",
        "rev": "380be19fbd2d9079f677978361792cb25e8a3635",
        "type": "github"
      },
      "original": {
        "owner": "nixos",
        "ref": "nixos-22.05",
        "repo": "nixpkgs",
        "type": "github"
      }
    },
    "nixpkgs-unstable": {
      "locked": {
        "lastModified": 1689534811,
        "narHash": "sha256-jnSUdzD/414d94plCyNlvTJJtiTogTep6t7ZgIKIHiE=",
        "owner": "nixos",
        "repo": "nixpkgs",
        "rev": "6cee3b5893090b0f5f0a06b4cf42ca4e60e5d222",
        "type": "github"
      },
      "original": {
        "owner": "nixos",
        "ref": "nixos-unstable",
        "repo": "nixpkgs",
        "type": "github"
      }
    },
    "nixpkgs_2": {
      "locked": {
        "lastModified": 1709218635,
        "narHash": "sha256-nytX/MkfqeTD4z7bMq4QRXcHxO9B3vRo9tM6fMtPFA8=",
        "owner": "nixos",
        "repo": "nixpkgs",
        "rev": "068d4db604958d05d0b46c47f79b507d84dbc069",
        "type": "github"
      },
      "original": {
        "owner": "nixos",
        "ref": "nixos-23.11",
        "repo": "nixpkgs",
        "type": "github"
      }
    },
    "nixpkgs_3": {
      "locked": {
        "lastModified": 1681358109,
        "narHash": "sha256-eKyxW4OohHQx9Urxi7TQlFBTDWII+F+x2hklDOQPB50=",
        "owner": "NixOS",
        "repo": "nixpkgs",
        "rev": "96ba1c52e54e74c3197f4d43026b3f3d92e83ff9",
        "type": "github"
      },
      "original": {
        "owner": "NixOS",
        "ref": "nixpkgs-unstable",
        "repo": "nixpkgs",
        "type": "github"
      }
    },
    "nixpkgs_unstable": {
      "locked": {
        "lastModified": 1709237383,
        "narHash": "sha256-cy6ArO4k5qTx+l5o+0mL9f5fa86tYUX3ozE1S+Txlds=",
        "owner": "nixos",
        "repo": "nixpkgs",
        "rev": "1536926ef5621b09bba54035ae2bb6d806d72ac8",
        "type": "github"
      },
      "original": {
        "owner": "nixos",
        "ref": "nixos-unstable",
        "repo": "nixpkgs",
        "type": "github"
      }
    },
    "pomodoro": {
      "inputs": {
        "nixpkgs": [
          "nixpkgs"
        ]
      },
      "locked": {
        "lastModified": 1690186529,
        "narHash": "sha256-m/W/FZk2tnsFIBJgYhptnFnItCMF68OFRrKt8siAGNE=",
        "owner": "litchipi",
        "repo": "pomodoro",
        "rev": "d3b5dbd3f23661802f6c0e2bdf66988466b008d8",
        "type": "github"
      },
      "original": {
        "owner": "litchipi",
        "repo": "pomodoro",
        "type": "github"
      }
    },
    "root": {
      "inputs": {
        "StevenBlackHosts": "StevenBlackHosts",
        "encryptf": "encryptf",
        "flake-utils": "flake-utils_3",
        "helix": "helix",
        "home-manager": "home-manager",
        "json-repl": "json-repl",
        "nixos-hardware": "nixos-hardware",
        "nixos-secrets": "nixos-secrets",
        "nixosgen": "nixosgen",
        "nixpkgs": "nixpkgs_2",
        "nixpkgs_unstable": "nixpkgs_unstable",
        "pomodoro": "pomodoro",
        "rust-overlay": "rust-overlay_3",
        "shix": "shix"
      }
    },
    "rust-overlay": {
      "inputs": {
        "flake-utils": "flake-utils_2",
        "nixpkgs": [
          "encryptf",
          "nixpkgs"
        ]
      },
      "locked": {
        "lastModified": 1688438033,
        "narHash": "sha256-wOmpZis06pVKTR+5meGwhrW10/buf98lnA26uQLaqek=",
        "owner": "oxalica",
        "repo": "rust-overlay",
        "rev": "c3e43223dece545cfe06ddd92fd782adc73d56c3",
        "type": "github"
      },
      "original": {
        "owner": "oxalica",
        "repo": "rust-overlay",
        "type": "github"
      }
    },
    "rust-overlay_2": {
      "inputs": {
        "flake-utils": [
          "helix",
          "flake-utils"
        ],
        "nixpkgs": [
          "helix",
          "nixpkgs"
        ]
      },
      "locked": {
        "lastModified": 1701137803,
        "narHash": "sha256-0LcPAdql5IhQSUXJx3Zna0dYTgdIoYO7zUrsKgiBd04=",
        "owner": "oxalica",
        "repo": "rust-overlay",
        "rev": "9dd940c967502f844eacea52a61e9596268d4f70",
        "type": "github"
      },
      "original": {
        "owner": "oxalica",
        "repo": "rust-overlay",
        "type": "github"
      }
    },
    "rust-overlay_3": {
      "inputs": {
        "flake-utils": "flake-utils_7",
        "nixpkgs": [
          "nixpkgs"
        ]
      },
      "locked": {
        "lastModified": 1709259239,
        "narHash": "sha256-MbrpgqpvUND7+UnOSLazrAMj0+zle16RRiOKTtjBefw=",
        "owner": "oxalica",
        "repo": "rust-overlay",
        "rev": "0e031ddb3f5a339dc6eda93d271ae43618b14eec",
        "type": "github"
      },
      "original": {
        "owner": "oxalica",
        "repo": "rust-overlay",
        "type": "github"
      }
    },
    "rust-overlay_4": {
      "inputs": {
        "flake-utils": "flake-utils_9",
        "nixpkgs": "nixpkgs_3"
      },
      "locked": {
        "lastModified": 1689735719,
        "narHash": "sha256-HOEDWJLm+f6HSD4j7n4xc8J4FcqjJ+U7ZnMLQQrZKYg=",
        "owner": "oxalica",
        "repo": "rust-overlay",
        "rev": "31d08cf9f5c3a49475e723c75c6f645171364a74",
        "type": "github"
      },
      "original": {
        "owner": "oxalica",
        "repo": "rust-overlay",
        "type": "github"
      }
    },
    "shix": {
      "inputs": {
        "flake-utils": "flake-utils_8",
        "nixpkgs": [
          "nixpkgs"
        ],
        "nixpkgs-old": "nixpkgs-old",
        "nixpkgs-unstable": "nixpkgs-unstable",
        "rust-overlay": "rust-overlay_4"
      },
      "locked": {
        "lastModified": 1700127251,
        "narHash": "sha256-LDkvo/8ZjwoBoau+uMs3pRXQqNdbIkpAtLPKyNCjI9w=",
        "owner": "litchipi",
        "repo": "shix",
        "rev": "05638204314c5ce190ef1beb49d31c70c6d9b0d1",
        "type": "github"
      },
      "original": {
        "owner": "litchipi",
        "repo": "shix",
        "type": "github"
      }
    },
    "systems": {
      "locked": {
        "lastModified": 1681028828,
        "narHash": "sha256-Vy1rq5AaRuLzOxct8nz4T6wlgyUR7zLU309k9mBC768=",
        "owner": "nix-systems",
        "repo": "default",
        "rev": "da67096a3b9bf56a91d16901293e51ba5b49a27e",
        "type": "github"
      },
      "original": {
        "owner": "nix-systems",
        "repo": "default",
        "type": "github"
      }
    },
    "systems_2": {
      "locked": {
        "lastModified": 1681028828,
        "narHash": "sha256-Vy1rq5AaRuLzOxct8nz4T6wlgyUR7zLU309k9mBC768=",
        "owner": "nix-systems",
        "repo": "default",
        "rev": "da67096a3b9bf56a91d16901293e51ba5b49a27e",
        "type": "github"
      },
      "original": {
        "owner": "nix-systems",
        "repo": "default",
        "type": "github"
      }
    },
    "systems_3": {
      "locked": {
        "lastModified": 1681028828,
        "narHash": "sha256-Vy1rq5AaRuLzOxct8nz4T6wlgyUR7zLU309k9mBC768=",
        "owner": "nix-systems",
        "repo": "default",
        "rev": "da67096a3b9bf56a91d16901293e51ba5b49a27e",
        "type": "github"
      },
      "original": {
        "owner": "nix-systems",
        "repo": "default",
        "type": "github"
      }
    },
    "systems_4": {
      "locked": {
        "lastModified": 1681028828,
        "narHash": "sha256-Vy1rq5AaRuLzOxct8nz4T6wlgyUR7zLU309k9mBC768=",
        "owner": "nix-systems",
        "repo": "default",
        "rev": "da67096a3b9bf56a91d16901293e51ba5b49a27e",
        "type": "github"
      },
      "original": {
        "owner": "nix-systems",
        "repo": "default",
        "type": "github"
      }
    },
    "systems_5": {
      "locked": {
        "lastModified": 1681028828,
        "narHash": "sha256-Vy1rq5AaRuLzOxct8nz4T6wlgyUR7zLU309k9mBC768=",
        "owner": "nix-systems",
        "repo": "default",
        "rev": "da67096a3b9bf56a91d16901293e51ba5b49a27e",
        "type": "github"
      },
      "original": {
        "owner": "nix-systems",
        "repo": "default",
        "type": "github"
      }
    },
    "systems_6": {
      "locked": {
        "lastModified": 1681028828,
        "narHash": "sha256-Vy1rq5AaRuLzOxct8nz4T6wlgyUR7zLU309k9mBC768=",
        "owner": "nix-systems",
        "repo": "default",
        "rev": "da67096a3b9bf56a91d16901293e51ba5b49a27e",
        "type": "github"
      },
      "original": {
        "owner": "nix-systems",
        "repo": "default",
        "type": "github"
      }
    },
    "systems_7": {
      "locked": {
        "lastModified": 1681028828,
        "narHash": "sha256-Vy1rq5AaRuLzOxct8nz4T6wlgyUR7zLU309k9mBC768=",
        "owner": "nix-systems",
        "repo": "default",
        "rev": "da67096a3b9bf56a91d16901293e51ba5b49a27e",
        "type": "github"
      },
      "original": {
        "owner": "nix-systems",
        "repo": "default",
        "type": "github"
      }
    }
  },
  "root": "root",
  "version": 7
}
